// !$*UTF8*$!
{
	archiveVersion = 1;
	classes = {
	};
	objectVersion = 50;
	objects = {

/* Begin PBXBuildFile section */
		C01C1BA026E38F8800C7E063 /* AppDelegate.swift in Sources */ = {isa = PBXBuildFile; fileRef = C01C1B9F26E38F8800C7E063 /* AppDelegate.swift */; };
		C01C1BA226E38F8800C7E063 /* SceneDelegate.swift in Sources */ = {isa = PBXBuildFile; fileRef = C01C1BA126E38F8800C7E063 /* SceneDelegate.swift */; };
		C01C1BA926E38F8800C7E063 /* Assets.xcassets in Resources */ = {isa = PBXBuildFile; fileRef = C01C1BA826E38F8800C7E063 /* Assets.xcassets */; };
		C01C1BAC26E38F8800C7E063 /* LaunchScreen.storyboard in Resources */ = {isa = PBXBuildFile; fileRef = C01C1BAA26E38F8800C7E063 /* LaunchScreen.storyboard */; };
		C01C1BB726E38F8900C7E063 /* rickandmortyapiTests.swift in Sources */ = {isa = PBXBuildFile; fileRef = C01C1BB626E38F8900C7E063 /* rickandmortyapiTests.swift */; };
		C01C1BC226E38F8900C7E063 /* rickandmortyapiUITests.swift in Sources */ = {isa = PBXBuildFile; fileRef = C01C1BC126E38F8900C7E063 /* rickandmortyapiUITests.swift */; };
		C01C1BD126E390C700C7E063 /* CharacterModel.swift in Sources */ = {isa = PBXBuildFile; fileRef = C01C1BD026E390C700C7E063 /* CharacterModel.swift */; };
		C067CBBD26FD9C6D009E6812 /* DashboardVC.swift in Sources */ = {isa = PBXBuildFile; fileRef = C067CBBC26FD9C6D009E6812 /* DashboardVC.swift */; };
		C067CBBF26FD9CC3009E6812 /* FavoriteVC.swift in Sources */ = {isa = PBXBuildFile; fileRef = C067CBBE26FD9CC3009E6812 /* FavoriteVC.swift */; };
		C067CBC326FD9E8E009E6812 /* DashboardController.swift in Sources */ = {isa = PBXBuildFile; fileRef = C067CBC226FD9E8E009E6812 /* DashboardController.swift */; };
		C067CBC626FD9F3F009E6812 /* DashboardCell.swift in Sources */ = {isa = PBXBuildFile; fileRef = C067CBC526FD9F3F009E6812 /* DashboardCell.swift */; };
		C067CBCA26FDA015009E6812 /* NetworkManager.swift in Sources */ = {isa = PBXBuildFile; fileRef = C067CBC926FDA015009E6812 /* NetworkManager.swift */; };
		C067CBCD26FDA35A009E6812 /* RMError.swift in Sources */ = {isa = PBXBuildFile; fileRef = C067CBCC26FDA35A009E6812 /* RMError.swift */; };
		C067CBCF26FDA559009E6812 /* GlobalVC_ext.swift in Sources */ = {isa = PBXBuildFile; fileRef = C067CBCE26FDA559009E6812 /* GlobalVC_ext.swift */; };
		C067CBD126FDAB59009E6812 /* RMImageView.swift in Sources */ = {isa = PBXBuildFile; fileRef = C067CBD026FDAB59009E6812 /* RMImageView.swift */; };
		C067CBD326FDAB86009E6812 /* RMTitleLabel.swift in Sources */ = {isa = PBXBuildFile; fileRef = C067CBD226FDAB86009E6812 /* RMTitleLabel.swift */; };
		C067CBD626FDBD34009E6812 /* UserInfoVC.swift in Sources */ = {isa = PBXBuildFile; fileRef = C067CBD526FDBD34009E6812 /* UserInfoVC.swift */; };
		C067CBD826FDBDCD009E6812 /* SingleCharacter.swift in Sources */ = {isa = PBXBuildFile; fileRef = C067CBD726FDBDCD009E6812 /* SingleCharacter.swift */; };
		C067CBDB26FDBF5D009E6812 /* UserInfoHeaderVC.swift in Sources */ = {isa = PBXBuildFile; fileRef = C067CBDA26FDBF5D009E6812 /* UserInfoHeaderVC.swift */; };
		C067CBDD26FDBFBB009E6812 /* RMSecondaryTitleLabel.swift in Sources */ = {isa = PBXBuildFile; fileRef = C067CBDC26FDBFBB009E6812 /* RMSecondaryTitleLabel.swift */; };
		C067CBDF26FDC01A009E6812 /* RMBodyLabel.swift in Sources */ = {isa = PBXBuildFile; fileRef = C067CBDE26FDC01A009E6812 /* RMBodyLabel.swift */; };
		C067CBE126FDC190009E6812 /* Constant.swift in Sources */ = {isa = PBXBuildFile; fileRef = C067CBE026FDC190009E6812 /* Constant.swift */; };
		C067CBE426FDC54E009E6812 /* RMAlertVC.swift in Sources */ = {isa = PBXBuildFile; fileRef = C067CBE326FDC54E009E6812 /* RMAlertVC.swift */; };
		C067CBE626FDC58E009E6812 /* RMButton.swift in Sources */ = {isa = PBXBuildFile; fileRef = C067CBE526FDC58E009E6812 /* RMButton.swift */; };
		C067CBE826FDC5E3009E6812 /* RMEmptyStateView.swift in Sources */ = {isa = PBXBuildFile; fileRef = C067CBE726FDC5E3009E6812 /* RMEmptyStateView.swift */; };
		C067CBEA26FDD7ED009E6812 /* NetworkManagerProtocol.swift in Sources */ = {isa = PBXBuildFile; fileRef = C067CBE926FDD7ED009E6812 /* NetworkManagerProtocol.swift */; };
		C067CBFA26FDE3C4009E6812 /* get_characters_response.json in Resources */ = {isa = PBXBuildFile; fileRef = C067CBF926FDE3C4009E6812 /* get_characters_response.json */; };
/* End PBXBuildFile section */

/* Begin PBXContainerItemProxy section */
		C01C1BB326E38F8900C7E063 /* PBXContainerItemProxy */ = {
			isa = PBXContainerItemProxy;
			containerPortal = C01C1B9426E38F8700C7E063 /* Project object */;
			proxyType = 1;
			remoteGlobalIDString = C01C1B9B26E38F8800C7E063;
			remoteInfo = rickandmortyapi;
		};
		C01C1BBE26E38F8900C7E063 /* PBXContainerItemProxy */ = {
			isa = PBXContainerItemProxy;
			containerPortal = C01C1B9426E38F8700C7E063 /* Project object */;
			proxyType = 1;
			remoteGlobalIDString = C01C1B9B26E38F8800C7E063;
			remoteInfo = rickandmortyapi;
		};
/* End PBXContainerItemProxy section */

/* Begin PBXFileReference section */
		C01C1B9C26E38F8800C7E063 /* rickandmortyapi.app */ = {isa = PBXFileReference; explicitFileType = wrapper.application; includeInIndex = 0; path = rickandmortyapi.app; sourceTree = BUILT_PRODUCTS_DIR; };
		C01C1B9F26E38F8800C7E063 /* AppDelegate.swift */ = {isa = PBXFileReference; lastKnownFileType = sourcecode.swift; path = AppDelegate.swift; sourceTree = "<group>"; };
		C01C1BA126E38F8800C7E063 /* SceneDelegate.swift */ = {isa = PBXFileReference; lastKnownFileType = sourcecode.swift; path = SceneDelegate.swift; sourceTree = "<group>"; };
		C01C1BA826E38F8800C7E063 /* Assets.xcassets */ = {isa = PBXFileReference; lastKnownFileType = folder.assetcatalog; path = Assets.xcassets; sourceTree = "<group>"; };
		C01C1BAB26E38F8800C7E063 /* Base */ = {isa = PBXFileReference; lastKnownFileType = file.storyboard; name = Base; path = Base.lproj/LaunchScreen.storyboard; sourceTree = "<group>"; };
		C01C1BAD26E38F8800C7E063 /* Info.plist */ = {isa = PBXFileReference; lastKnownFileType = text.plist.xml; path = Info.plist; sourceTree = "<group>"; };
		C01C1BB226E38F8900C7E063 /* rickandmortyapiTests.xctest */ = {isa = PBXFileReference; explicitFileType = wrapper.cfbundle; includeInIndex = 0; path = rickandmortyapiTests.xctest; sourceTree = BUILT_PRODUCTS_DIR; };
		C01C1BB626E38F8900C7E063 /* rickandmortyapiTests.swift */ = {isa = PBXFileReference; lastKnownFileType = sourcecode.swift; path = rickandmortyapiTests.swift; sourceTree = "<group>"; };
		C01C1BB826E38F8900C7E063 /* Info.plist */ = {isa = PBXFileReference; lastKnownFileType = text.plist.xml; path = Info.plist; sourceTree = "<group>"; };
		C01C1BBD26E38F8900C7E063 /* rickandmortyapiUITests.xctest */ = {isa = PBXFileReference; explicitFileType = wrapper.cfbundle; includeInIndex = 0; path = rickandmortyapiUITests.xctest; sourceTree = BUILT_PRODUCTS_DIR; };
		C01C1BC126E38F8900C7E063 /* rickandmortyapiUITests.swift */ = {isa = PBXFileReference; lastKnownFileType = sourcecode.swift; path = rickandmortyapiUITests.swift; sourceTree = "<group>"; };
		C01C1BC326E38F8900C7E063 /* Info.plist */ = {isa = PBXFileReference; lastKnownFileType = text.plist.xml; path = Info.plist; sourceTree = "<group>"; };
		C01C1BD026E390C700C7E063 /* CharacterModel.swift */ = {isa = PBXFileReference; lastKnownFileType = sourcecode.swift; path = CharacterModel.swift; sourceTree = "<group>"; };
		C067CBBC26FD9C6D009E6812 /* DashboardVC.swift */ = {isa = PBXFileReference; lastKnownFileType = sourcecode.swift; path = DashboardVC.swift; sourceTree = "<group>"; };
		C067CBBE26FD9CC3009E6812 /* FavoriteVC.swift */ = {isa = PBXFileReference; lastKnownFileType = sourcecode.swift; path = FavoriteVC.swift; sourceTree = "<group>"; };
		C067CBC226FD9E8E009E6812 /* DashboardController.swift */ = {isa = PBXFileReference; lastKnownFileType = sourcecode.swift; path = DashboardController.swift; sourceTree = "<group>"; };
		C067CBC526FD9F3F009E6812 /* DashboardCell.swift */ = {isa = PBXFileReference; lastKnownFileType = sourcecode.swift; path = DashboardCell.swift; sourceTree = "<group>"; };
		C067CBC926FDA015009E6812 /* NetworkManager.swift */ = {isa = PBXFileReference; lastKnownFileType = sourcecode.swift; path = NetworkManager.swift; sourceTree = "<group>"; };
		C067CBCC26FDA35A009E6812 /* RMError.swift */ = {isa = PBXFileReference; lastKnownFileType = sourcecode.swift; path = RMError.swift; sourceTree = "<group>"; };
		C067CBCE26FDA559009E6812 /* GlobalVC_ext.swift */ = {isa = PBXFileReference; lastKnownFileType = sourcecode.swift; path = GlobalVC_ext.swift; sourceTree = "<group>"; };
		C067CBD026FDAB59009E6812 /* RMImageView.swift */ = {isa = PBXFileReference; lastKnownFileType = sourcecode.swift; path = RMImageView.swift; sourceTree = "<group>"; };
		C067CBD226FDAB86009E6812 /* RMTitleLabel.swift */ = {isa = PBXFileReference; lastKnownFileType = sourcecode.swift; path = RMTitleLabel.swift; sourceTree = "<group>"; };
		C067CBD526FDBD34009E6812 /* UserInfoVC.swift */ = {isa = PBXFileReference; lastKnownFileType = sourcecode.swift; path = UserInfoVC.swift; sourceTree = "<group>"; };
		C067CBD726FDBDCD009E6812 /* SingleCharacter.swift */ = {isa = PBXFileReference; lastKnownFileType = sourcecode.swift; path = SingleCharacter.swift; sourceTree = "<group>"; };
		C067CBDA26FDBF5D009E6812 /* UserInfoHeaderVC.swift */ = {isa = PBXFileReference; lastKnownFileType = sourcecode.swift; path = UserInfoHeaderVC.swift; sourceTree = "<group>"; };
		C067CBDC26FDBFBB009E6812 /* RMSecondaryTitleLabel.swift */ = {isa = PBXFileReference; lastKnownFileType = sourcecode.swift; path = RMSecondaryTitleLabel.swift; sourceTree = "<group>"; };
		C067CBDE26FDC01A009E6812 /* RMBodyLabel.swift */ = {isa = PBXFileReference; lastKnownFileType = sourcecode.swift; path = RMBodyLabel.swift; sourceTree = "<group>"; };
		C067CBE026FDC190009E6812 /* Constant.swift */ = {isa = PBXFileReference; lastKnownFileType = sourcecode.swift; path = Constant.swift; sourceTree = "<group>"; };
		C067CBE326FDC54E009E6812 /* RMAlertVC.swift */ = {isa = PBXFileReference; lastKnownFileType = sourcecode.swift; path = RMAlertVC.swift; sourceTree = "<group>"; };
		C067CBE526FDC58E009E6812 /* RMButton.swift */ = {isa = PBXFileReference; lastKnownFileType = sourcecode.swift; path = RMButton.swift; sourceTree = "<group>"; };
		C067CBE726FDC5E3009E6812 /* RMEmptyStateView.swift */ = {isa = PBXFileReference; lastKnownFileType = sourcecode.swift; path = RMEmptyStateView.swift; sourceTree = "<group>"; };
		C067CBE926FDD7ED009E6812 /* NetworkManagerProtocol.swift */ = {isa = PBXFileReference; lastKnownFileType = sourcecode.swift; path = NetworkManagerProtocol.swift; sourceTree = "<group>"; };
		C067CBF926FDE3C4009E6812 /* get_characters_response.json */ = {isa = PBXFileReference; lastKnownFileType = text.json; path = get_characters_response.json; sourceTree = "<group>"; };
/* End PBXFileReference section */

/* Begin PBXFrameworksBuildPhase section */
		C01C1B9926E38F8800C7E063 /* Frameworks */ = {
			isa = PBXFrameworksBuildPhase;
			buildActionMask = 2147483647;
			files = (
			);
			runOnlyForDeploymentPostprocessing = 0;
		};
		C01C1BAF26E38F8900C7E063 /* Frameworks */ = {
			isa = PBXFrameworksBuildPhase;
			buildActionMask = 2147483647;
			files = (
			);
			runOnlyForDeploymentPostprocessing = 0;
		};
		C01C1BBA26E38F8900C7E063 /* Frameworks */ = {
			isa = PBXFrameworksBuildPhase;
			buildActionMask = 2147483647;
			files = (
			);
			runOnlyForDeploymentPostprocessing = 0;
		};
/* End PBXFrameworksBuildPhase section */

/* Begin PBXGroup section */
		C01C1B9326E38F8700C7E063 = {
			isa = PBXGroup;
			children = (
				C01C1B9E26E38F8800C7E063 /* rickandmortyapi */,
				C01C1BB526E38F8900C7E063 /* rickandmortyapiTests */,
				C01C1BC026E38F8900C7E063 /* rickandmortyapiUITests */,
				C01C1B9D26E38F8800C7E063 /* Products */,
			);
			sourceTree = "<group>";
		};
		C01C1B9D26E38F8800C7E063 /* Products */ = {
			isa = PBXGroup;
			children = (
				C01C1B9C26E38F8800C7E063 /* rickandmortyapi.app */,
				C01C1BB226E38F8900C7E063 /* rickandmortyapiTests.xctest */,
				C01C1BBD26E38F8900C7E063 /* rickandmortyapiUITests.xctest */,
			);
			name = Products;
			sourceTree = "<group>";
		};
		C01C1B9E26E38F8800C7E063 /* rickandmortyapi */ = {
			isa = PBXGroup;
			children = (
				C067CBCB26FDA34E009E6812 /* Utilities */,
				C01C1BD626E3982F00C7E063 /* View */,
				C01C1BD226E393DB00C7E063 /* ViewModel */,
				C01C1BCF26E3909B00C7E063 /* Model */,
				C01C1B9F26E38F8800C7E063 /* AppDelegate.swift */,
				C01C1BA126E38F8800C7E063 /* SceneDelegate.swift */,
				C01C1BA826E38F8800C7E063 /* Assets.xcassets */,
				C01C1BAA26E38F8800C7E063 /* LaunchScreen.storyboard */,
				C01C1BAD26E38F8800C7E063 /* Info.plist */,
			);
			path = rickandmortyapi;
			sourceTree = "<group>";
		};
		C01C1BB526E38F8900C7E063 /* rickandmortyapiTests */ = {
			isa = PBXGroup;
			children = (
				C067CBF626FDE38C009E6812 /* response */,
				C01C1BB626E38F8900C7E063 /* rickandmortyapiTests.swift */,
				C01C1BB826E38F8900C7E063 /* Info.plist */,
			);
			path = rickandmortyapiTests;
			sourceTree = "<group>";
		};
		C01C1BC026E38F8900C7E063 /* rickandmortyapiUITests */ = {
			isa = PBXGroup;
			children = (
				C01C1BC126E38F8900C7E063 /* rickandmortyapiUITests.swift */,
				C01C1BC326E38F8900C7E063 /* Info.plist */,
			);
			path = rickandmortyapiUITests;
			sourceTree = "<group>";
		};
		C01C1BCF26E3909B00C7E063 /* Model */ = {
			isa = PBXGroup;
			children = (
				C01C1BD026E390C700C7E063 /* CharacterModel.swift */,
				C067CBD726FDBDCD009E6812 /* SingleCharacter.swift */,
			);
			path = Model;
			sourceTree = "<group>";
		};
		C01C1BD226E393DB00C7E063 /* ViewModel */ = {
			isa = PBXGroup;
			children = (
				C067CBC926FDA015009E6812 /* NetworkManager.swift */,
				C067CBE926FDD7ED009E6812 /* NetworkManagerProtocol.swift */,
			);
			path = ViewModel;
			sourceTree = "<group>";
		};
		C01C1BD626E3982F00C7E063 /* View */ = {
			isa = PBXGroup;
			children = (
				C067CBE226FDC535009E6812 /* Helpers */,
				C067CBD426FDBD0F009E6812 /* UserInfoVC */,
				C067CBC426FD9F10009E6812 /* Dashboard */,
				C067CBC026FD9D67009E6812 /* Favorite */,
			);
			path = View;
			sourceTree = "<group>";
		};
		C067CBC026FD9D67009E6812 /* Favorite */ = {
			isa = PBXGroup;
			children = (
				C067CBBE26FD9CC3009E6812 /* FavoriteVC.swift */,
			);
			path = Favorite;
			sourceTree = "<group>";
		};
		C067CBC426FD9F10009E6812 /* Dashboard */ = {
			isa = PBXGroup;
			children = (
				C067CBC826FD9F68009E6812 /* ui */,
				C067CBC726FD9F63009E6812 /* controller */,
				C067CBBC26FD9C6D009E6812 /* DashboardVC.swift */,
			);
			path = Dashboard;
			sourceTree = "<group>";
		};
		C067CBC726FD9F63009E6812 /* controller */ = {
			isa = PBXGroup;
			children = (
				C067CBC226FD9E8E009E6812 /* DashboardController.swift */,
			);
			path = controller;
			sourceTree = "<group>";
		};
		C067CBC826FD9F68009E6812 /* ui */ = {
			isa = PBXGroup;
			children = (
				C067CBC526FD9F3F009E6812 /* DashboardCell.swift */,
				C067CBD026FDAB59009E6812 /* RMImageView.swift */,
				C067CBD226FDAB86009E6812 /* RMTitleLabel.swift */,
			);
			path = ui;
			sourceTree = "<group>";
		};
		C067CBCB26FDA34E009E6812 /* Utilities */ = {
			isa = PBXGroup;
			children = (
				C067CBCC26FDA35A009E6812 /* RMError.swift */,
				C067CBCE26FDA559009E6812 /* GlobalVC_ext.swift */,
				C067CBE026FDC190009E6812 /* Constant.swift */,
			);
			path = Utilities;
			sourceTree = "<group>";
		};
		C067CBD426FDBD0F009E6812 /* UserInfoVC */ = {
			isa = PBXGroup;
			children = (
				C067CBD926FDBF45009E6812 /* ui */,
				C067CBD526FDBD34009E6812 /* UserInfoVC.swift */,
			);
			path = UserInfoVC;
			sourceTree = "<group>";
		};
		C067CBD926FDBF45009E6812 /* ui */ = {
			isa = PBXGroup;
			children = (
				C067CBDA26FDBF5D009E6812 /* UserInfoHeaderVC.swift */,
				C067CBDC26FDBFBB009E6812 /* RMSecondaryTitleLabel.swift */,
				C067CBDE26FDC01A009E6812 /* RMBodyLabel.swift */,
			);
			path = ui;
			sourceTree = "<group>";
		};
		C067CBE226FDC535009E6812 /* Helpers */ = {
			isa = PBXGroup;
			children = (
				C067CBE326FDC54E009E6812 /* RMAlertVC.swift */,
				C067CBE526FDC58E009E6812 /* RMButton.swift */,
				C067CBE726FDC5E3009E6812 /* RMEmptyStateView.swift */,
			);
			path = Helpers;
			sourceTree = "<group>";
		};
		C067CBF626FDE38C009E6812 /* response */ = {
			isa = PBXGroup;
			children = (
				C067CBF926FDE3C4009E6812 /* get_characters_response.json */,
			);
			path = response;
			sourceTree = "<group>";
		};
/* End PBXGroup section */

/* Begin PBXNativeTarget section */
		C01C1B9B26E38F8800C7E063 /* rickandmortyapi */ = {
			isa = PBXNativeTarget;
			buildConfigurationList = C01C1BC626E38F8900C7E063 /* Build configuration list for PBXNativeTarget "rickandmortyapi" */;
			buildPhases = (
				C01C1B9826E38F8800C7E063 /* Sources */,
				C01C1B9926E38F8800C7E063 /* Frameworks */,
				C01C1B9A26E38F8800C7E063 /* Resources */,
			);
			buildRules = (
			);
			dependencies = (
			);
			name = rickandmortyapi;
			productName = rickandmortyapi;
			productReference = C01C1B9C26E38F8800C7E063 /* rickandmortyapi.app */;
			productType = "com.apple.product-type.application";
		};
		C01C1BB126E38F8900C7E063 /* rickandmortyapiTests */ = {
			isa = PBXNativeTarget;
			buildConfigurationList = C01C1BC926E38F8900C7E063 /* Build configuration list for PBXNativeTarget "rickandmortyapiTests" */;
			buildPhases = (
				C01C1BAE26E38F8900C7E063 /* Sources */,
				C01C1BAF26E38F8900C7E063 /* Frameworks */,
				C01C1BB026E38F8900C7E063 /* Resources */,
			);
			buildRules = (
			);
			dependencies = (
				C01C1BB426E38F8900C7E063 /* PBXTargetDependency */,
			);
			name = rickandmortyapiTests;
			productName = rickandmortyapiTests;
			productReference = C01C1BB226E38F8900C7E063 /* rickandmortyapiTests.xctest */;
			productType = "com.apple.product-type.bundle.unit-test";
		};
		C01C1BBC26E38F8900C7E063 /* rickandmortyapiUITests */ = {
			isa = PBXNativeTarget;
			buildConfigurationList = C01C1BCC26E38F8900C7E063 /* Build configuration list for PBXNativeTarget "rickandmortyapiUITests" */;
			buildPhases = (
				C01C1BB926E38F8900C7E063 /* Sources */,
				C01C1BBA26E38F8900C7E063 /* Frameworks */,
				C01C1BBB26E38F8900C7E063 /* Resources */,
			);
			buildRules = (
			);
			dependencies = (
				C01C1BBF26E38F8900C7E063 /* PBXTargetDependency */,
			);
			name = rickandmortyapiUITests;
			productName = rickandmortyapiUITests;
			productReference = C01C1BBD26E38F8900C7E063 /* rickandmortyapiUITests.xctest */;
			productType = "com.apple.product-type.bundle.ui-testing";
		};
/* End PBXNativeTarget section */

/* Begin PBXProject section */
		C01C1B9426E38F8700C7E063 /* Project object */ = {
			isa = PBXProject;
			attributes = {
				LastSwiftUpdateCheck = 1250;
				LastUpgradeCheck = 1250;
				TargetAttributes = {
					C01C1B9B26E38F8800C7E063 = {
						CreatedOnToolsVersion = 12.5.1;
					};
					C01C1BB126E38F8900C7E063 = {
						CreatedOnToolsVersion = 12.5.1;
						TestTargetID = C01C1B9B26E38F8800C7E063;
					};
					C01C1BBC26E38F8900C7E063 = {
						CreatedOnToolsVersion = 12.5.1;
						TestTargetID = C01C1B9B26E38F8800C7E063;
					};
				};
			};
			buildConfigurationList = C01C1B9726E38F8700C7E063 /* Build configuration list for PBXProject "rickandmortyapi" */;
			compatibilityVersion = "Xcode 9.3";
			developmentRegion = en;
			hasScannedForEncodings = 0;
			knownRegions = (
				en,
				Base,
			);
			mainGroup = C01C1B9326E38F8700C7E063;
			productRefGroup = C01C1B9D26E38F8800C7E063 /* Products */;
			projectDirPath = "";
			projectRoot = "";
			targets = (
				C01C1B9B26E38F8800C7E063 /* rickandmortyapi */,
				C01C1BB126E38F8900C7E063 /* rickandmortyapiTests */,
				C01C1BBC26E38F8900C7E063 /* rickandmortyapiUITests */,
			);
		};
/* End PBXProject section */

/* Begin PBXResourcesBuildPhase section */
		C01C1B9A26E38F8800C7E063 /* Resources */ = {
			isa = PBXResourcesBuildPhase;
			buildActionMask = 2147483647;
			files = (
				C01C1BAC26E38F8800C7E063 /* LaunchScreen.storyboard in Resources */,
				C01C1BA926E38F8800C7E063 /* Assets.xcassets in Resources */,
			);
			runOnlyForDeploymentPostprocessing = 0;
		};
		C01C1BB026E38F8900C7E063 /* Resources */ = {
			isa = PBXResourcesBuildPhase;
			buildActionMask = 2147483647;
			files = (
				C067CBFA26FDE3C4009E6812 /* get_characters_response.json in Resources */,
			);
			runOnlyForDeploymentPostprocessing = 0;
		};
		C01C1BBB26E38F8900C7E063 /* Resources */ = {
			isa = PBXResourcesBuildPhase;
			buildActionMask = 2147483647;
			files = (
			);
			runOnlyForDeploymentPostprocessing = 0;
		};
/* End PBXResourcesBuildPhase section */

/* Begin PBXSourcesBuildPhase section */
		C01C1B9826E38F8800C7E063 /* Sources */ = {
			isa = PBXSourcesBuildPhase;
			buildActionMask = 2147483647;
			files = (
				C067CBEA26FDD7ED009E6812 /* NetworkManagerProtocol.swift in Sources */,
				C067CBBD26FD9C6D009E6812 /* DashboardVC.swift in Sources */,
				C067CBC626FD9F3F009E6812 /* DashboardCell.swift in Sources */,
				C067CBDD26FDBFBB009E6812 /* RMSecondaryTitleLabel.swift in Sources */,
				C067CBDF26FDC01A009E6812 /* RMBodyLabel.swift in Sources */,
				C067CBE626FDC58E009E6812 /* RMButton.swift in Sources */,
				C067CBE426FDC54E009E6812 /* RMAlertVC.swift in Sources */,
				C067CBDB26FDBF5D009E6812 /* UserInfoHeaderVC.swift in Sources */,
				C067CBBF26FD9CC3009E6812 /* FavoriteVC.swift in Sources */,
				C067CBCD26FDA35A009E6812 /* RMError.swift in Sources */,
				C067CBD126FDAB59009E6812 /* RMImageView.swift in Sources */,
				C067CBC326FD9E8E009E6812 /* DashboardController.swift in Sources */,
				C067CBCF26FDA559009E6812 /* GlobalVC_ext.swift in Sources */,
				C067CBD326FDAB86009E6812 /* RMTitleLabel.swift in Sources */,
				C01C1BD126E390C700C7E063 /* CharacterModel.swift in Sources */,
				C067CBCA26FDA015009E6812 /* NetworkManager.swift in Sources */,
				C067CBD626FDBD34009E6812 /* UserInfoVC.swift in Sources */,
				C067CBE826FDC5E3009E6812 /* RMEmptyStateView.swift in Sources */,
				C01C1BA026E38F8800C7E063 /* AppDelegate.swift in Sources */,
				C067CBE126FDC190009E6812 /* Constant.swift in Sources */,
				C01C1BA226E38F8800C7E063 /* SceneDelegate.swift in Sources */,
				C067CBD826FDBDCD009E6812 /* SingleCharacter.swift in Sources */,
			);
			runOnlyForDeploymentPostprocessing = 0;
		};
		C01C1BAE26E38F8900C7E063 /* Sources */ = {
			isa = PBXSourcesBuildPhase;
			buildActionMask = 2147483647;
			files = (
				C01C1BB726E38F8900C7E063 /* rickandmortyapiTests.swift in Sources */,
			);
			runOnlyForDeploymentPostprocessing = 0;
		};
		C01C1BB926E38F8900C7E063 /* Sources */ = {
			isa = PBXSourcesBuildPhase;
			buildActionMask = 2147483647;
			files = (
				C01C1BC226E38F8900C7E063 /* rickandmortyapiUITests.swift in Sources */,
			);
			runOnlyForDeploymentPostprocessing = 0;
		};
/* End PBXSourcesBuildPhase section */

/* Begin PBXTargetDependency section */
		C01C1BB426E38F8900C7E063 /* PBXTargetDependency */ = {
			isa = PBXTargetDependency;
			target = C01C1B9B26E38F8800C7E063 /* rickandmortyapi */;
			targetProxy = C01C1BB326E38F8900C7E063 /* PBXContainerItemProxy */;
		};
		C01C1BBF26E38F8900C7E063 /* PBXTargetDependency */ = {
			isa = PBXTargetDependency;
			target = C01C1B9B26E38F8800C7E063 /* rickandmortyapi */;
			targetProxy = C01C1BBE26E38F8900C7E063 /* PBXContainerItemProxy */;
		};
/* End PBXTargetDependency section */

/* Begin PBXVariantGroup section */
		C01C1BAA26E38F8800C7E063 /* LaunchScreen.storyboard */ = {
			isa = PBXVariantGroup;
			children = (
				C01C1BAB26E38F8800C7E063 /* Base */,
			);
			name = LaunchScreen.storyboard;
			sourceTree = "<group>";
		};
/* End PBXVariantGroup section */

/* Begin XCBuildConfiguration section */
		C01C1BC426E38F8900C7E063 /* Debug */ = {
			isa = XCBuildConfiguration;
			buildSettings = {
				ALWAYS_SEARCH_USER_PATHS = NO;
				CLANG_ANALYZER_NONNULL = YES;
				CLANG_ANALYZER_NUMBER_OBJECT_CONVERSION = YES_AGGRESSIVE;
				CLANG_CXX_LANGUAGE_STANDARD = "gnu++14";
				CLANG_CXX_LIBRARY = "libc++";
				CLANG_ENABLE_MODULES = YES;
				CLANG_ENABLE_OBJC_ARC = YES;
				CLANG_ENABLE_OBJC_WEAK = YES;
				CLANG_WARN_BLOCK_CAPTURE_AUTORELEASING = YES;
				CLANG_WARN_BOOL_CONVERSION = YES;
				CLANG_WARN_COMMA = YES;
				CLANG_WARN_CONSTANT_CONVERSION = YES;
				CLANG_WARN_DEPRECATED_OBJC_IMPLEMENTATIONS = YES;
				CLANG_WARN_DIRECT_OBJC_ISA_USAGE = YES_ERROR;
				CLANG_WARN_DOCUMENTATION_COMMENTS = YES;
				CLANG_WARN_EMPTY_BODY = YES;
				CLANG_WARN_ENUM_CONVERSION = YES;
				CLANG_WARN_INFINITE_RECURSION = YES;
				CLANG_WARN_INT_CONVERSION = YES;
				CLANG_WARN_NON_LITERAL_NULL_CONVERSION = YES;
				CLANG_WARN_OBJC_IMPLICIT_RETAIN_SELF = YES;
				CLANG_WARN_OBJC_LITERAL_CONVERSION = YES;
				CLANG_WARN_OBJC_ROOT_CLASS = YES_ERROR;
				CLANG_WARN_QUOTED_INCLUDE_IN_FRAMEWORK_HEADER = YES;
				CLANG_WARN_RANGE_LOOP_ANALYSIS = YES;
				CLANG_WARN_STRICT_PROTOTYPES = YES;
				CLANG_WARN_SUSPICIOUS_MOVE = YES;
				CLANG_WARN_UNGUARDED_AVAILABILITY = YES_AGGRESSIVE;
				CLANG_WARN_UNREACHABLE_CODE = YES;
				CLANG_WARN__DUPLICATE_METHOD_MATCH = YES;
				COPY_PHASE_STRIP = NO;
				DEBUG_INFORMATION_FORMAT = dwarf;
				ENABLE_STRICT_OBJC_MSGSEND = YES;
				ENABLE_TESTABILITY = YES;
				GCC_C_LANGUAGE_STANDARD = gnu11;
				GCC_DYNAMIC_NO_PIC = NO;
				GCC_NO_COMMON_BLOCKS = YES;
				GCC_OPTIMIZATION_LEVEL = 0;
				GCC_PREPROCESSOR_DEFINITIONS = (
					"DEBUG=1",
					"$(inherited)",
				);
				GCC_WARN_64_TO_32_BIT_CONVERSION = YES;
				GCC_WARN_ABOUT_RETURN_TYPE = YES_ERROR;
				GCC_WARN_UNDECLARED_SELECTOR = YES;
				GCC_WARN_UNINITIALIZED_AUTOS = YES_AGGRESSIVE;
				GCC_WARN_UNUSED_FUNCTION = YES;
				GCC_WARN_UNUSED_VARIABLE = YES;
				IPHONEOS_DEPLOYMENT_TARGET = 14.5;
				MTL_ENABLE_DEBUG_INFO = INCLUDE_SOURCE;
				MTL_FAST_MATH = YES;
				ONLY_ACTIVE_ARCH = YES;
				SDKROOT = iphoneos;
				SWIFT_ACTIVE_COMPILATION_CONDITIONS = DEBUG;
				SWIFT_OPTIMIZATION_LEVEL = "-Onone";
			};
			name = Debug;
		};
		C01C1BC526E38F8900C7E063 /* Release */ = {
			isa = XCBuildConfiguration;
			buildSettings = {
				ALWAYS_SEARCH_USER_PATHS = NO;
				CLANG_ANALYZER_NONNULL = YES;
				CLANG_ANALYZER_NUMBER_OBJECT_CONVERSION = YES_AGGRESSIVE;
				CLANG_CXX_LANGUAGE_STANDARD = "gnu++14";
				CLANG_CXX_LIBRARY = "libc++";
				CLANG_ENABLE_MODULES = YES;
				CLANG_ENABLE_OBJC_ARC = YES;
				CLANG_ENABLE_OBJC_WEAK = YES;
				CLANG_WARN_BLOCK_CAPTURE_AUTORELEASING = YES;
				CLANG_WARN_BOOL_CONVERSION = YES;
				CLANG_WARN_COMMA = YES;
				CLANG_WARN_CONSTANT_CONVERSION = YES;
				CLANG_WARN_DEPRECATED_OBJC_IMPLEMENTATIONS = YES;
				CLANG_WARN_DIRECT_OBJC_ISA_USAGE = YES_ERROR;
				CLANG_WARN_DOCUMENTATION_COMMENTS = YES;
				CLANG_WARN_EMPTY_BODY = YES;
				CLANG_WARN_ENUM_CONVERSION = YES;
				CLANG_WARN_INFINITE_RECURSION = YES;
				CLANG_WARN_INT_CONVERSION = YES;
				CLANG_WARN_NON_LITERAL_NULL_CONVERSION = YES;
				CLANG_WARN_OBJC_IMPLICIT_RETAIN_SELF = YES;
				CLANG_WARN_OBJC_LITERAL_CONVERSION = YES;
				CLANG_WARN_OBJC_ROOT_CLASS = YES_ERROR;
				CLANG_WARN_QUOTED_INCLUDE_IN_FRAMEWORK_HEADER = YES;
				CLANG_WARN_RANGE_LOOP_ANALYSIS = YES;
				CLANG_WARN_STRICT_PROTOTYPES = YES;
				CLANG_WARN_SUSPICIOUS_MOVE = YES;
				CLANG_WARN_UNGUARDED_AVAILABILITY = YES_AGGRESSIVE;
				CLANG_WARN_UNREACHABLE_CODE = YES;
				CLANG_WARN__DUPLICATE_METHOD_MATCH = YES;
				COPY_PHASE_STRIP = NO;
				DEBUG_INFORMATION_FORMAT = "dwarf-with-dsym";
				ENABLE_NS_ASSERTIONS = NO;
				ENABLE_STRICT_OBJC_MSGSEND = YES;
				GCC_C_LANGUAGE_STANDARD = gnu11;
				GCC_NO_COMMON_BLOCKS = YES;
				GCC_WARN_64_TO_32_BIT_CONVERSION = YES;
				GCC_WARN_ABOUT_RETURN_TYPE = YES_ERROR;
				GCC_WARN_UNDECLARED_SELECTOR = YES;
				GCC_WARN_UNINITIALIZED_AUTOS = YES_AGGRESSIVE;
				GCC_WARN_UNUSED_FUNCTION = YES;
				GCC_WARN_UNUSED_VARIABLE = YES;
				IPHONEOS_DEPLOYMENT_TARGET = 14.5;
				MTL_ENABLE_DEBUG_INFO = NO;
				MTL_FAST_MATH = YES;
				SDKROOT = iphoneos;
				SWIFT_COMPILATION_MODE = wholemodule;
				SWIFT_OPTIMIZATION_LEVEL = "-O";
				VALIDATE_PRODUCT = YES;
			};
			name = Release;
		};
		C01C1BC726E38F8900C7E063 /* Debug */ = {
			isa = XCBuildConfiguration;
			buildSettings = {
				ASSETCATALOG_COMPILER_APPICON_NAME = AppIcon;
				ASSETCATALOG_COMPILER_GLOBAL_ACCENT_COLOR_NAME = AccentColor;
				CODE_SIGN_STYLE = Automatic;
				DEVELOPMENT_TEAM = 2P5K8VS57T;
				INFOPLIST_FILE = rickandmortyapi/Info.plist;
				LD_RUNPATH_SEARCH_PATHS = (
					"$(inherited)",
					"@executable_path/Frameworks",
				);
				PRODUCT_BUNDLE_IDENTIFIER = com.wahyujus.rickandmortyapi;
				PRODUCT_NAME = "$(TARGET_NAME)";
				SWIFT_VERSION = 5.0;
				TARGETED_DEVICE_FAMILY = 1;
			};
			name = Debug;
		};
		C01C1BC826E38F8900C7E063 /* Release */ = {
			isa = XCBuildConfiguration;
			buildSettings = {
				ASSETCATALOG_COMPILER_APPICON_NAME = AppIcon;
				ASSETCATALOG_COMPILER_GLOBAL_ACCENT_COLOR_NAME = AccentColor;
				CODE_SIGN_STYLE = Automatic;
				DEVELOPMENT_TEAM = 2P5K8VS57T;
				INFOPLIST_FILE = rickandmortyapi/Info.plist;
				LD_RUNPATH_SEARCH_PATHS = (
					"$(inherited)",
					"@executable_path/Frameworks",
				);
				PRODUCT_BUNDLE_IDENTIFIER = com.wahyujus.rickandmortyapi;
				PRODUCT_NAME = "$(TARGET_NAME)";
				SWIFT_VERSION = 5.0;
				TARGETED_DEVICE_FAMILY = 1;
			};
			name = Release;
		};
		C01C1BCA26E38F8900C7E063 /* Debug */ = {
			isa = XCBuildConfiguration;
			buildSettings = {
				ALWAYS_EMBED_SWIFT_STANDARD_LIBRARIES = YES;
				BUNDLE_LOADER = "$(TEST_HOST)";
				CODE_SIGN_STYLE = Automatic;
				INFOPLIST_FILE = rickandmortyapiTests/Info.plist;
				IPHONEOS_DEPLOYMENT_TARGET = 14.5;
				LD_RUNPATH_SEARCH_PATHS = (
					"$(inherited)",
					"@executable_path/Frameworks",
					"@loader_path/Frameworks",
				);
				PRODUCT_BUNDLE_IDENTIFIER = com.wahyujus.rickandmortyapiTests;
				PRODUCT_NAME = "$(TARGET_NAME)";
				SWIFT_VERSION = 5.0;
				TARGETED_DEVICE_FAMILY = "1,2";
				TEST_HOST = "$(BUILT_PRODUCTS_DIR)/rickandmortyapi.app/rickandmortyapi";
			};
			name = Debug;
		};
		C01C1BCB26E38F8900C7E063 /* Release */ = {
			isa = XCBuildConfiguration;
			buildSettings = {
				ALWAYS_EMBED_SWIFT_STANDARD_LIBRARIES = YES;
				BUNDLE_LOADER = "$(TEST_HOST)";
				CODE_SIGN_STYLE = Automatic;
				INFOPLIST_FILE = rickandmortyapiTests/Info.plist;
				IPHONEOS_DEPLOYMENT_TARGET = 14.5;
				LD_RUNPATH_SEARCH_PATHS = (
					"$(inherited)",
					"@executable_path/Frameworks",
					"@loader_path/Frameworks",
				);
				PRODUCT_BUNDLE_IDENTIFIER = com.wahyujus.rickandmortyapiTests;
				PRODUCT_NAME = "$(TARGET_NAME)";
				SWIFT_VERSION = 5.0;
				TARGETED_DEVICE_FAMILY = "1,2";
				TEST_HOST = "$(BUILT_PRODUCTS_DIR)/rickandmortyapi.app/rickandmortyapi";
			};
			name = Release;
		};
		C01C1BCD26E38F8900C7E063 /* Debug */ = {
			isa = XCBuildConfiguration;
			buildSettings = {
				ALWAYS_EMBED_SWIFT_STANDARD_LIBRARIES = YES;
				CODE_SIGN_STYLE = Automatic;
				INFOPLIST_FILE = rickandmortyapiUITests/Info.plist;
				LD_RUNPATH_SEARCH_PATHS = (
					"$(inherited)",
					"@executable_path/Frameworks",
					"@loader_path/Frameworks",
				);
				PRODUCT_BUNDLE_IDENTIFIER = com.wahyujus.rickandmortyapiUITests;
				PRODUCT_NAME = "$(TARGET_NAME)";
				SWIFT_VERSION = 5.0;
				TARGETED_DEVICE_FAMILY = "1,2";
				TEST_TARGET_NAME = rickandmortyapi;
			};
			name = Debug;
		};
		C01C1BCE26E38F8900C7E063 /* Release */ = {
			isa = XCBuildConfiguration;
			buildSettings = {
				ALWAYS_EMBED_SWIFT_STANDARD_LIBRARIES = YES;
				CODE_SIGN_STYLE = Automatic;
				INFOPLIST_FILE = rickandmortyapiUITests/Info.plist;
				LD_RUNPATH_SEARCH_PATHS = (
					"$(inherited)",
					"@executable_path/Frameworks",
					"@loader_path/Frameworks",
				);
				PRODUCT_BUNDLE_IDENTIFIER = com.wahyujus.rickandmortyapiUITests;
				PRODUCT_NAME = "$(TARGET_NAME)";
				SWIFT_VERSION = 5.0;
				TARGETED_DEVICE_FAMILY = "1,2";
				TEST_TARGET_NAME = rickandmortyapi;
			};
			name = Release;
		};
/* End XCBuildConfiguration section */

/* Begin XCConfigurationList section */
		C01C1B9726E38F8700C7E063 /* Build configuration list for PBXProject "rickandmortyapi" */ = {
			isa = XCConfigurationList;
			buildConfigurations = (
				C01C1BC426E38F8900C7E063 /* Debug */,
				C01C1BC526E38F8900C7E063 /* Release */,
			);
			defaultConfigurationIsVisible = 0;
			defaultConfigurationName = Release;
		};
		C01C1BC626E38F8900C7E063 /* Build configuration list for PBXNativeTarget "rickandmortyapi" */ = {
			isa = XCConfigurationList;
			buildConfigurations = (
				C01C1BC726E38F8900C7E063 /* Debug */,
				C01C1BC826E38F8900C7E063 /* Release */,
			);
			defaultConfigurationIsVisible = 0;
			defaultConfigurationName = Release;
		};
		C01C1BC926E38F8900C7E063 /* Build configuration list for PBXNativeTarget "rickandmortyapiTests" */ = {
			isa = XCConfigurationList;
			buildConfigurations = (
				C01C1BCA26E38F8900C7E063 /* Debug */,
				C01C1BCB26E38F8900C7E063 /* Release */,
			);
			defaultConfigurationIsVisible = 0;
			defaultConfigurationName = Release;
		};
		C01C1BCC26E38F8900C7E063 /* Build configuration list for PBXNativeTarget "rickandmortyapiUITests" */ = {
			isa = XCConfigurationList;
			buildConfigurations = (
				C01C1BCD26E38F8900C7E063 /* Debug */,
				C01C1BCE26E38F8900C7E063 /* Release */,
			);
			defaultConfigurationIsVisible = 0;
			defaultConfigurationName = Release;
		};
/* End XCConfigurationList section */
	};
	rootObject = C01C1B9426E38F8700C7E063 /* Project object */;
}
